
Microsoft Visual Studio Solution File, Format Version 12.00
# Visual Studio Version 17
VisualStudioVersion = 17.0.31903.59
MinimumVisualStudioVersion = 10.0.40219.1
Project("{8BC9CEB8-8B4A-11D0-8D11-00A0C91BC942}") = "chapter2", "chapter2\chapter2.vcxproj", "{7A0C2ADA-C2A5-486F-8C45-1D1361AA0EDC}"
EndProject
Project("{8BC9CEB8-8B4A-11D0-8D11-00A0C91BC942}") = "chapter4_5", "chapter4_5\chapter4_5.vcxproj", "{7B893392-D2D4-4BBB-8F63-276EBB4E9C7B}"
EndProject
Project("{8BC9CEB8-8B4A-11D0-8D11-00A0C91BC942}") = "chapter1", "chapter1\bai3.vcxproj", "{2E996241-1877-4C06-9ADC-68829DEF4148}"
EndProject
Project("{8BC9CEB8-8B4A-11D0-8D11-00A0C91BC942}") = "chapter6", "chapter6\chapter6.vcxproj", "{778EA9B1-74BD-4B37-84A6-C9835443F2BA}"
EndProject
Project("{8BC9CEB8-8B4A-11D0-8D11-00A0C91BC942}") = "chapter7", "chapter7\chapter7.vcxproj", "{F85C90E5-4C46-494D-A4B0-A2DDE09DBA6A}"
EndProject
Project("{8BC9CEB8-8B4A-11D0-8D11-00A0C91BC942}") = "chapter8", "chapter8\chapter8.vcxproj", "{AAFDA52F-9078-4C20-9201-7C87408D8619}"
EndProject
Project("{8BC9CEB8-8B4A-11D0-8D11-00A0C91BC942}") = "chapter10", "chapter10\chapter10.vcxproj", "{F80BA5E5-71AC-48FD-A0BF-8A281457E123}"
EndProject
Project("{8BC9CEB8-8B4A-11D0-8D11-00A0C91BC942}") = "Pet", "Pet\Pet.vcxproj", "{95AD3862-BDE9-4D0B-B4C6-83A6CE06A783}"
EndProject
Global
	GlobalSection(SolutionConfigurationPlatforms) = preSolution
		Debug|ARM = Debug|ARM
		Debug|ARM64 = Debug|ARM64
		Debug|x64 = Debug|x64
		Debug|x86 = Debug|x86
		Release|ARM = Release|ARM
		Release|ARM64 = Release|ARM64
		Release|x64 = Release|x64
		Release|x86 = Release|x86
	EndGlobalSection
	GlobalSection(ProjectConfigurationPlatforms) = postSolution
		{7A0C2ADA-C2A5-486F-8C45-1D1361AA0EDC}.Debug|ARM.ActiveCfg = Debug|x64
		{7A0C2ADA-C2A5-486F-8C45-1D1361AA0EDC}.Debug|ARM.Build.0 = Debug|x64
		{7A0C2ADA-C2A5-486F-8C45-1D1361AA0EDC}.Debug|ARM64.ActiveCfg = Debug|x64
		{7A0C2ADA-C2A5-486F-8C45-1D1361AA0EDC}.Debug|ARM64.Build.0 = Debug|x64
		{7A0C2ADA-C2A5-486F-8C45-1D1361AA0EDC}.Debug|x64.ActiveCfg = Debug|x64
		{7A0C2ADA-C2A5-486F-8C45-1D1361AA0EDC}.Debug|x64.Build.0 = Debug|x64
		{7A0C2ADA-C2A5-486F-8C45-1D1361AA0EDC}.Debug|x86.ActiveCfg = Debug|Win32
		{7A0C2ADA-C2A5-486F-8C45-1D1361AA0EDC}.Debug|x86.Build.0 = Debug|Win32
		{7A0C2ADA-C2A5-486F-8C45-1D1361AA0EDC}.Release|ARM.ActiveCfg = Release|x64
		{7A0C2ADA-C2A5-486F-8C45-1D1361AA0EDC}.Release|ARM.Build.0 = Release|x64
		{7A0C2ADA-C2A5-486F-8C45-1D1361AA0EDC}.Release|ARM64.ActiveCfg = Release|x64
		{7A0C2ADA-C2A5-486F-8C45-1D1361AA0EDC}.Release|ARM64.Build.0 = Release|x64
		{7A0C2ADA-C2A5-486F-8C45-1D1361AA0EDC}.Release|x64.ActiveCfg = Release|x64
		{7A0C2ADA-C2A5-486F-8C45-1D1361AA0EDC}.Release|x64.Build.0 = Release|x64
		{7A0C2ADA-C2A5-486F-8C45-1D1361AA0EDC}.Release|x86.ActiveCfg = Release|Win32
		{7A0C2ADA-C2A5-486F-8C45-1D1361AA0EDC}.Release|x86.Build.0 = Release|Win32
		{7B893392-D2D4-4BBB-8F63-276EBB4E9C7B}.Debug|ARM.ActiveCfg = Debug|x64
		{7B893392-D2D4-4BBB-8F63-276EBB4E9C7B}.Debug|ARM.Build.0 = Debug|x64
		{7B893392-D2D4-4BBB-8F63-276EBB4E9C7B}.Debug|ARM64.ActiveCfg = Debug|x64
		{7B893392-D2D4-4BBB-8F63-276EBB4E9C7B}.Debug|ARM64.Build.0 = Debug|x64
		{7B893392-D2D4-4BBB-8F63-276EBB4E9C7B}.Debug|x64.ActiveCfg = Debug|x64
		{7B893392-D2D4-4BBB-8F63-276EBB4E9C7B}.Debug|x64.Build.0 = Debug|x64
		{7B893392-D2D4-4BBB-8F63-276EBB4E9C7B}.Debug|x86.ActiveCfg = Debug|Win32
		{7B893392-D2D4-4BBB-8F63-276EBB4E9C7B}.Debug|x86.Build.0 = Debug|Win32
		{7B893392-D2D4-4BBB-8F63-276EBB4E9C7B}.Release|ARM.ActiveCfg = Release|x64
		{7B893392-D2D4-4BBB-8F63-276EBB4E9C7B}.Release|ARM.Build.0 = Release|x64
		{7B893392-D2D4-4BBB-8F63-276EBB4E9C7B}.Release|ARM64.ActiveCfg = Release|x64
		{7B893392-D2D4-4BBB-8F63-276EBB4E9C7B}.Release|ARM64.Build.0 = Release|x64
		{7B893392-D2D4-4BBB-8F63-276EBB4E9C7B}.Release|x64.ActiveCfg = Release|x64
		{7B893392-D2D4-4BBB-8F63-276EBB4E9C7B}.Release|x64.Build.0 = Release|x64
		{7B893392-D2D4-4BBB-8F63-276EBB4E9C7B}.Release|x86.ActiveCfg = Release|Win32
		{7B893392-D2D4-4BBB-8F63-276EBB4E9C7B}.Release|x86.Build.0 = Release|Win32
		{2E996241-1877-4C06-9ADC-68829DEF4148}.Debug|ARM.ActiveCfg = Debug|x64
		{2E996241-1877-4C06-9ADC-68829DEF4148}.Debug|ARM.Build.0 = Debug|x64
		{2E996241-1877-4C06-9ADC-68829DEF4148}.Debug|ARM64.ActiveCfg = Debug|x64
		{2E996241-1877-4C06-9ADC-68829DEF4148}.Debug|ARM64.Build.0 = Debug|x64
		{2E996241-1877-4C06-9ADC-68829DEF4148}.Debug|x64.ActiveCfg = Debug|x64
		{2E996241-1877-4C06-9ADC-68829DEF4148}.Debug|x64.Build.0 = Debug|x64
		{2E996241-1877-4C06-9ADC-68829DEF4148}.Debug|x86.ActiveCfg = Debug|Win32
		{2E996241-1877-4C06-9ADC-68829DEF4148}.Debug|x86.Build.0 = Debug|Win32
		{2E996241-1877-4C06-9ADC-68829DEF4148}.Release|ARM.ActiveCfg = Release|x64
		{2E996241-1877-4C06-9ADC-68829DEF4148}.Release|ARM.Build.0 = Release|x64
		{2E996241-1877-4C06-9ADC-68829DEF4148}.Release|ARM64.ActiveCfg = Release|x64
		{2E996241-1877-4C06-9ADC-68829DEF4148}.Release|ARM64.Build.0 = Release|x64
		{2E996241-1877-4C06-9ADC-68829DEF4148}.Release|x64.ActiveCfg = Release|x64
		{2E996241-1877-4C06-9ADC-68829DEF4148}.Release|x64.Build.0 = Release|x64
		{2E996241-1877-4C06-9ADC-68829DEF4148}.Release|x86.ActiveCfg = Release|Win32
		{2E996241-1877-4C06-9ADC-68829DEF4148}.Release|x86.Build.0 = Release|Win32
		{778EA9B1-74BD-4B37-84A6-C9835443F2BA}.Debug|ARM.ActiveCfg = Debug|x64
		{778EA9B1-74BD-4B37-84A6-C9835443F2BA}.Debug|ARM.Build.0 = Debug|x64
		{778EA9B1-74BD-4B37-84A6-C9835443F2BA}.Debug|ARM64.ActiveCfg = Debug|x64
		{778EA9B1-74BD-4B37-84A6-C9835443F2BA}.Debug|ARM64.Build.0 = Debug|x64
		{778EA9B1-74BD-4B37-84A6-C9835443F2BA}.Debug|x64.ActiveCfg = Debug|x64
		{778EA9B1-74BD-4B37-84A6-C9835443F2BA}.Debug|x64.Build.0 = Debug|x64
		{778EA9B1-74BD-4B37-84A6-C9835443F2BA}.Debug|x86.ActiveCfg = Debug|Win32
		{778EA9B1-74BD-4B37-84A6-C9835443F2BA}.Debug|x86.Build.0 = Debug|Win32
		{778EA9B1-74BD-4B37-84A6-C9835443F2BA}.Release|ARM.ActiveCfg = Release|x64
		{778EA9B1-74BD-4B37-84A6-C9835443F2BA}.Release|ARM.Build.0 = Release|x64
		{778EA9B1-74BD-4B37-84A6-C9835443F2BA}.Release|ARM64.ActiveCfg = Release|x64
		{778EA9B1-74BD-4B37-84A6-C9835443F2BA}.Release|ARM64.Build.0 = Release|x64
		{778EA9B1-74BD-4B37-84A6-C9835443F2BA}.Release|x64.ActiveCfg = Release|x64
		{778EA9B1-74BD-4B37-84A6-C9835443F2BA}.Release|x64.Build.0 = Release|x64
		{778EA9B1-74BD-4B37-84A6-C9835443F2BA}.Release|x86.ActiveCfg = Release|Win32
		{778EA9B1-74BD-4B37-84A6-C9835443F2BA}.Release|x86.Build.0 = Release|Win32
		{F85C90E5-4C46-494D-A4B0-A2DDE09DBA6A}.Debug|ARM.ActiveCfg = Debug|x64
		{F85C90E5-4C46-494D-A4B0-A2DDE09DBA6A}.Debug|ARM.Build.0 = Debug|x64
		{F85C90E5-4C46-494D-A4B0-A2DDE09DBA6A}.Debug|ARM64.ActiveCfg = Debug|x64
		{F85C90E5-4C46-494D-A4B0-A2DDE09DBA6A}.Debug|ARM64.Build.0 = Debug|x64
		{F85C90E5-4C46-494D-A4B0-A2DDE09DBA6A}.Debug|x64.ActiveCfg = Debug|x64
		{F85C90E5-4C46-494D-A4B0-A2DDE09DBA6A}.Debug|x64.Build.0 = Debug|x64
		{F85C90E5-4C46-494D-A4B0-A2DDE09DBA6A}.Debug|x86.ActiveCfg = Debug|Win32
		{F85C90E5-4C46-494D-A4B0-A2DDE09DBA6A}.Debug|x86.Build.0 = Debug|Win32
		{F85C90E5-4C46-494D-A4B0-A2DDE09DBA6A}.Release|ARM.ActiveCfg = Release|x64
		{F85C90E5-4C46-494D-A4B0-A2DDE09DBA6A}.Release|ARM.Build.0 = Release|x64
		{F85C90E5-4C46-494D-A4B0-A2DDE09DBA6A}.Release|ARM64.ActiveCfg = Release|x64
		{F85C90E5-4C46-494D-A4B0-A2DDE09DBA6A}.Release|ARM64.Build.0 = Release|x64
		{F85C90E5-4C46-494D-A4B0-A2DDE09DBA6A}.Release|x64.ActiveCfg = Release|x64
		{F85C90E5-4C46-494D-A4B0-A2DDE09DBA6A}.Release|x64.Build.0 = Release|x64
		{F85C90E5-4C46-494D-A4B0-A2DDE09DBA6A}.Release|x86.ActiveCfg = Release|Win32
		{F85C90E5-4C46-494D-A4B0-A2DDE09DBA6A}.Release|x86.Build.0 = Release|Win32
		{AAFDA52F-9078-4C20-9201-7C87408D8619}.Debug|ARM.ActiveCfg = Debug|x64
		{AAFDA52F-9078-4C20-9201-7C87408D8619}.Debug|ARM.Build.0 = Debug|x64
		{AAFDA52F-9078-4C20-9201-7C87408D8619}.Debug|ARM64.ActiveCfg = Debug|x64
		{AAFDA52F-9078-4C20-9201-7C87408D8619}.Debug|ARM64.Build.0 = Debug|x64
		{AAFDA52F-9078-4C20-9201-7C87408D8619}.Debug|x64.ActiveCfg = Debug|x64
		{AAFDA52F-9078-4C20-9201-7C87408D8619}.Debug|x64.Build.0 = Debug|x64
		{AAFDA52F-9078-4C20-9201-7C87408D8619}.Debug|x86.ActiveCfg = Debug|Win32
		{AAFDA52F-9078-4C20-9201-7C87408D8619}.Debug|x86.Build.0 = Debug|Win32
		{AAFDA52F-9078-4C20-9201-7C87408D8619}.Release|ARM.ActiveCfg = Release|x64
		{AAFDA52F-9078-4C20-9201-7C87408D8619}.Release|ARM.Build.0 = Release|x64
		{AAFDA52F-9078-4C20-9201-7C87408D8619}.Release|ARM64.ActiveCfg = Release|x64
		{AAFDA52F-9078-4C20-9201-7C87408D8619}.Release|ARM64.Build.0 = Release|x64
		{AAFDA52F-9078-4C20-9201-7C87408D8619}.Release|x64.ActiveCfg = Release|x64
		{AAFDA52F-9078-4C20-9201-7C87408D8619}.Release|x64.Build.0 = Release|x64
		{AAFDA52F-9078-4C20-9201-7C87408D8619}.Release|x86.ActiveCfg = Release|Win32
		{AAFDA52F-9078-4C20-9201-7C87408D8619}.Release|x86.Build.0 = Release|Win32
		{F80BA5E5-71AC-48FD-A0BF-8A281457E123}.Debug|ARM.ActiveCfg = Debug|x64
		{F80BA5E5-71AC-48FD-A0BF-8A281457E123}.Debug|ARM.Build.0 = Debug|x64
		{F80BA5E5-71AC-48FD-A0BF-8A281457E123}.Debug|ARM64.ActiveCfg = Debug|x64
		{F80BA5E5-71AC-48FD-A0BF-8A281457E123}.Debug|ARM64.Build.0 = Debug|x64
		{F80BA5E5-71AC-48FD-A0BF-8A281457E123}.Debug|x64.ActiveCfg = Debug|x64
		{F80BA5E5-71AC-48FD-A0BF-8A281457E123}.Debug|x64.Build.0 = Debug|x64
		{F80BA5E5-71AC-48FD-A0BF-8A281457E123}.Debug|x86.ActiveCfg = Debug|Win32
		{F80BA5E5-71AC-48FD-A0BF-8A281457E123}.Debug|x86.Build.0 = Debug|Win32
		{F80BA5E5-71AC-48FD-A0BF-8A281457E123}.Release|ARM.ActiveCfg = Release|x64
		{F80BA5E5-71AC-48FD-A0BF-8A281457E123}.Release|ARM.Build.0 = Release|x64
		{F80BA5E5-71AC-48FD-A0BF-8A281457E123}.Release|ARM64.ActiveCfg = Release|x64
		{F80BA5E5-71AC-48FD-A0BF-8A281457E123}.Release|ARM64.Build.0 = Release|x64
		{F80BA5E5-71AC-48FD-A0BF-8A281457E123}.Release|x64.ActiveCfg = Release|x64
		{F80BA5E5-71AC-48FD-A0BF-8A281457E123}.Release|x64.Build.0 = Release|x64
		{F80BA5E5-71AC-48FD-A0BF-8A281457E123}.Release|x86.ActiveCfg = Release|Win32
		{F80BA5E5-71AC-48FD-A0BF-8A281457E123}.Release|x86.Build.0 = Release|Win32
		{95AD3862-BDE9-4D0B-B4C6-83A6CE06A783}.Debug|ARM.ActiveCfg = Debug|x64
		{95AD3862-BDE9-4D0B-B4C6-83A6CE06A783}.Debug|ARM.Build.0 = Debug|x64
		{95AD3862-BDE9-4D0B-B4C6-83A6CE06A783}.Debug|ARM64.ActiveCfg = Debug|x64
		{95AD3862-BDE9-4D0B-B4C6-83A6CE06A783}.Debug|ARM64.Build.0 = Debug|x64
		{95AD3862-BDE9-4D0B-B4C6-83A6CE06A783}.Debug|x64.ActiveCfg = Debug|x64
		{95AD3862-BDE9-4D0B-B4C6-83A6CE06A783}.Debug|x64.Build.0 = Debug|x64
		{95AD3862-BDE9-4D0B-B4C6-83A6CE06A783}.Debug|x86.ActiveCfg = Debug|Win32
		{95AD3862-BDE9-4D0B-B4C6-83A6CE06A783}.Debug|x86.Build.0 = Debug|Win32
		{95AD3862-BDE9-4D0B-B4C6-83A6CE06A783}.Release|ARM.ActiveCfg = Release|x64
		{95AD3862-BDE9-4D0B-B4C6-83A6CE06A783}.Release|ARM.Build.0 = Release|x64
		{95AD3862-BDE9-4D0B-B4C6-83A6CE06A783}.Release|ARM64.ActiveCfg = Release|x64
		{95AD3862-BDE9-4D0B-B4C6-83A6CE06A783}.Release|ARM64.Build.0 = Release|x64
		{95AD3862-BDE9-4D0B-B4C6-83A6CE06A783}.Release|x64.ActiveCfg = Release|x64
		{95AD3862-BDE9-4D0B-B4C6-83A6CE06A783}.Release|x64.Build.0 = Release|x64
		{95AD3862-BDE9-4D0B-B4C6-83A6CE06A783}.Release|x86.ActiveCfg = Release|Win32
		{95AD3862-BDE9-4D0B-B4C6-83A6CE06A783}.Release|x86.Build.0 = Release|Win32
	EndGlobalSection
	GlobalSection(SolutionProperties) = preSolution
		HideSolutionNode = FALSE
	EndGlobalSection
	GlobalSection(ExtensibilityGlobals) = postSolution
		SolutionGuid = {0370A3B7-3990-46E0-9463-A382850090D5}
	EndGlobalSection
EndGlobal
